
Microsoft Visual Studio Solution File, Format Version 12.00
# Visual Studio Version 16
VisualStudioVersion = 16.0.30503.244
MinimumVisualStudioVersion = 10.0.40219.1
Project("{FAE04EC0-301F-11D3-BF4B-00C04F79EFBC}") = "sanaTest", "sanaTest\sanaTest.csproj", "{37EC90A0-F279-4B0B-8A33-35A8AD84FFB4}"
EndProject
Global
	GlobalSection(SolutionConfigurationPlatforms) = preSolution
		Debug|Any CPU = Debug|Any CPU
		Release|Any CPU = Release|Any CPU
	EndGlobalSection
	GlobalSection(ProjectConfigurationPlatforms) = postSolution
		{37EC90A0-F279-4B0B-8A33-35A8AD84FFB4}.Debug|Any CPU.ActiveCfg = Debug|Any CPU
		{37EC90A0-F279-4B0B-8A33-35A8AD84FFB4}.Debug|Any CPU.Build.0 = Debug|Any CPU
		{37EC90A0-F279-4B0B-8A33-35A8AD84FFB4}.Release|Any CPU.ActiveCfg = Release|Any CPU
		{37EC90A0-F279-4B0B-8A33-35A8AD84FFB4}.Release|Any CPU.Build.0 = Release|Any CPU
	EndGlobalSection
	GlobalSection(SolutionProperties) = preSolution
		HideSolutionNode = FALSE
	EndGlobalSection
	GlobalSection(ExtensibilityGlobals) = postSolution
		SolutionGuid = {1AB3522E-D531-46E6-BA85-C18C3DB1A48E}
	EndGlobalSection
EndGlobal
